
Microsoft Visual Studio Solution File, Format Version 12.00
# Visual Studio Version 17
VisualStudioVersion = 17.4.33110.190
MinimumVisualStudioVersion = 10.0.40219.1
Project("{FAE04EC0-301F-11D3-BF4B-00C04F79EFBC}") = "Frame Work Project", "Frame Work Project\Frame Work Project.csproj", "{77B47EE8-2E6A-49FD-B04A-C5D3502C8F21}"
EndProject
Global
	GlobalSection(SolutionConfigurationPlatforms) = preSolution
		Debug|Any CPU = Debug|Any CPU
		Release|Any CPU = Release|Any CPU
	EndGlobalSection
	GlobalSection(ProjectConfigurationPlatforms) = postSolution
		{77B47EE8-2E6A-49FD-B04A-C5D3502C8F21}.Debug|Any CPU.ActiveCfg = Debug|Any CPU
		{77B47EE8-2E6A-49FD-B04A-C5D3502C8F21}.Debug|Any CPU.Build.0 = Debug|Any CPU
		{77B47EE8-2E6A-49FD-B04A-C5D3502C8F21}.Release|Any CPU.ActiveCfg = Release|Any CPU
		{77B47EE8-2E6A-49FD-B04A-C5D3502C8F21}.Release|Any CPU.Build.0 = Release|Any CPU
	EndGlobalSection
	GlobalSection(SolutionProperties) = preSolution
		HideSolutionNode = FALSE
	EndGlobalSection
	GlobalSection(ExtensibilityGlobals) = postSolution
		SolutionGuid = {806D5105-3259-44C3-8951-0D8C453722E6}
	EndGlobalSection
EndGlobal
