
Microsoft Visual Studio Solution File, Format Version 12.00
# Visual Studio Version 17
VisualStudioVersion = 17.9.34622.214
MinimumVisualStudioVersion = 10.0.40219.1
Project("{FAE04EC0-301F-11D3-BF4B-00C04F79EFBC}") = "Task15may", "Task15may\Task15may.csproj", "{67D0452B-2374-492A-8FD2-EE3D6CAA5C05}"
EndProject
Global
	GlobalSection(SolutionConfigurationPlatforms) = preSolution
		Debug|Any CPU = Debug|Any CPU
		Release|Any CPU = Release|Any CPU
	EndGlobalSection
	GlobalSection(ProjectConfigurationPlatforms) = postSolution
		{67D0452B-2374-492A-8FD2-EE3D6CAA5C05}.Debug|Any CPU.ActiveCfg = Debug|Any CPU
		{67D0452B-2374-492A-8FD2-EE3D6CAA5C05}.Debug|Any CPU.Build.0 = Debug|Any CPU
		{67D0452B-2374-492A-8FD2-EE3D6CAA5C05}.Release|Any CPU.ActiveCfg = Release|Any CPU
		{67D0452B-2374-492A-8FD2-EE3D6CAA5C05}.Release|Any CPU.Build.0 = Release|Any CPU
	EndGlobalSection
	GlobalSection(SolutionProperties) = preSolution
		HideSolutionNode = FALSE
	EndGlobalSection
	GlobalSection(ExtensibilityGlobals) = postSolution
		SolutionGuid = {FBE9692F-E385-4376-8EA8-D98992EE0FF4}
	EndGlobalSection
EndGlobal
