
Microsoft Visual Studio Solution File, Format Version 12.00
# Visual Studio Version 17
VisualStudioVersion = 17.4.33110.190
MinimumVisualStudioVersion = 10.0.40219.1
Project("{FAE04EC0-301F-11D3-BF4B-00C04F79EFBC}") = "Pb201", "Pb201\Pb201.csproj", "{D59837E8-8656-439B-ADA8-579B9A36149B}"
EndProject
Global
	GlobalSection(SolutionConfigurationPlatforms) = preSolution
		Debug|Any CPU = Debug|Any CPU
		Release|Any CPU = Release|Any CPU
	EndGlobalSection
	GlobalSection(ProjectConfigurationPlatforms) = postSolution
		{D59837E8-8656-439B-ADA8-579B9A36149B}.Debug|Any CPU.ActiveCfg = Debug|Any CPU
		{D59837E8-8656-439B-ADA8-579B9A36149B}.Debug|Any CPU.Build.0 = Debug|Any CPU
		{D59837E8-8656-439B-ADA8-579B9A36149B}.Release|Any CPU.ActiveCfg = Release|Any CPU
		{D59837E8-8656-439B-ADA8-579B9A36149B}.Release|Any CPU.Build.0 = Release|Any CPU
	EndGlobalSection
	GlobalSection(SolutionProperties) = preSolution
		HideSolutionNode = FALSE
	EndGlobalSection
	GlobalSection(ExtensibilityGlobals) = postSolution
		SolutionGuid = {1E550F78-35A7-490F-AFD1-F3B8986F8AEC}
	EndGlobalSection
EndGlobal
